
Microsoft Visual Studio Solution File, Format Version 12.00
# Visual Studio Version 16
VisualStudioVersion = 16.0.31005.135
MinimumVisualStudioVersion = 10.0.40219.1
Project("{FAE04EC0-301F-11D3-BF4B-00C04F79EFBC}") = "SOLID", "SOLID\SOLID.csproj", "{3E67835D-1AB5-4DEE-B69E-D6C38731A75D}"
EndProject
Project("{FAE04EC0-301F-11D3-BF4B-00C04F79EFBC}") = "Factory", "Factory\Factory.csproj", "{13683DAA-5D2F-47F8-ABFC-8D2EF3CF2DF1}"
EndProject
Global
	GlobalSection(SolutionConfigurationPlatforms) = preSolution
		Debug|Any CPU = Debug|Any CPU
		Release|Any CPU = Release|Any CPU
	EndGlobalSection
	GlobalSection(ProjectConfigurationPlatforms) = postSolution
		{3E67835D-1AB5-4DEE-B69E-D6C38731A75D}.Debug|Any CPU.ActiveCfg = Debug|Any CPU
		{3E67835D-1AB5-4DEE-B69E-D6C38731A75D}.Debug|Any CPU.Build.0 = Debug|Any CPU
		{3E67835D-1AB5-4DEE-B69E-D6C38731A75D}.Release|Any CPU.ActiveCfg = Release|Any CPU
		{3E67835D-1AB5-4DEE-B69E-D6C38731A75D}.Release|Any CPU.Build.0 = Release|Any CPU
		{13683DAA-5D2F-47F8-ABFC-8D2EF3CF2DF1}.Debug|Any CPU.ActiveCfg = Debug|Any CPU
		{13683DAA-5D2F-47F8-ABFC-8D2EF3CF2DF1}.Debug|Any CPU.Build.0 = Debug|Any CPU
		{13683DAA-5D2F-47F8-ABFC-8D2EF3CF2DF1}.Release|Any CPU.ActiveCfg = Release|Any CPU
		{13683DAA-5D2F-47F8-ABFC-8D2EF3CF2DF1}.Release|Any CPU.Build.0 = Release|Any CPU
	EndGlobalSection
	GlobalSection(SolutionProperties) = preSolution
		HideSolutionNode = FALSE
	EndGlobalSection
	GlobalSection(ExtensibilityGlobals) = postSolution
		SolutionGuid = {4F49D4E0-AF1F-4A8D-A55D-5898A5801D2D}
	EndGlobalSection
EndGlobal
